{
  "originHash" : "189043429e310c187eb7cfa22769c582ef8672b190fe830349daf0160585b2a4",
  "pins" : [
    {
      "identity" : "urlsessionnetworkcaller",
      "kind" : "remoteSourceControl",
      "location" : "https://github.com/Thommzy/URLSessionNetworkCaller.git",
      "state" : {
        "branch" : "main",
        "revision" : "57bc7efc2297ef718002455e5c0587a76533dbe9"
      }
    }
  ],
  "version" : 3
}
